
Microsoft Visual Studio Solution File, Format Version 12.00
# Visual Studio Version 17
VisualStudioVersion = 17.5.002.0
MinimumVisualStudioVersion = 10.0.40219.1
Project("{9A19103F-16F7-4668-BE54-9A1E7A4F7556}") = "Task00", "Task00.csproj", "{438BD2EC-A017-4889-829D-6BEE078E1F20}"
EndProject
Global
	GlobalSection(SolutionConfigurationPlatforms) = preSolution
		Debug|Any CPU = Debug|Any CPU
		Release|Any CPU = Release|Any CPU
	EndGlobalSection
	GlobalSection(ProjectConfigurationPlatforms) = postSolution
		{438BD2EC-A017-4889-829D-6BEE078E1F20}.Debug|Any CPU.ActiveCfg = Debug|Any CPU
		{438BD2EC-A017-4889-829D-6BEE078E1F20}.Debug|Any CPU.Build.0 = Debug|Any CPU
		{438BD2EC-A017-4889-829D-6BEE078E1F20}.Release|Any CPU.ActiveCfg = Release|Any CPU
		{438BD2EC-A017-4889-829D-6BEE078E1F20}.Release|Any CPU.Build.0 = Release|Any CPU
	EndGlobalSection
	GlobalSection(SolutionProperties) = preSolution
		HideSolutionNode = FALSE
	EndGlobalSection
	GlobalSection(ExtensibilityGlobals) = postSolution
		SolutionGuid = {B77F5E59-0C96-43D3-8CAA-2DE3E80819D5}
	EndGlobalSection
EndGlobal
